// !$*UTF8*$!
{
	archiveVersion = 1;
	classes = {
	};
	objectVersion = 50;
	objects = {

/* Begin PBXBuildFile section */
		AB49DB64249339E600341B1D /* AppDelegate.swift in Sources */ = {isa = PBXBuildFile; fileRef = AB49DB63249339E600341B1D /* AppDelegate.swift */; };
		AB49DB66249339E600341B1D /* SceneDelegate.swift in Sources */ = {isa = PBXBuildFile; fileRef = AB49DB65249339E600341B1D /* SceneDelegate.swift */; };
		AB49DB68249339E600341B1D /* ContentView.swift in Sources */ = {isa = PBXBuildFile; fileRef = AB49DB67249339E600341B1D /* ContentView.swift */; };
		AB49DB6A249339EC00341B1D /* Assets.xcassets in Resources */ = {isa = PBXBuildFile; fileRef = AB49DB69249339EC00341B1D /* Assets.xcassets */; };
		AB49DB6D249339EC00341B1D /* Preview Assets.xcassets in Resources */ = {isa = PBXBuildFile; fileRef = AB49DB6C249339EC00341B1D /* Preview Assets.xcassets */; };
		AB49DB70249339EC00341B1D /* LaunchScreen.storyboard in Resources */ = {isa = PBXBuildFile; fileRef = AB49DB6E249339EC00341B1D /* LaunchScreen.storyboard */; };
		AB49DB7B249339ED00341B1D /* animationTests.swift in Sources */ = {isa = PBXBuildFile; fileRef = AB49DB7A249339ED00341B1D /* animationTests.swift */; };
		AB49DB86249339ED00341B1D /* animationUITests.swift in Sources */ = {isa = PBXBuildFile; fileRef = AB49DB85249339ED00341B1D /* animationUITests.swift */; };
/* End PBXBuildFile section */

/* Begin PBXContainerItemProxy section */
		AB49DB77249339ED00341B1D /* PBXContainerItemProxy */ = {
			isa = PBXContainerItemProxy;
			containerPortal = AB49DB58249339E600341B1D /* Project object */;
			proxyType = 1;
			remoteGlobalIDString = AB49DB5F249339E600341B1D;
			remoteInfo = animation;
		};
		AB49DB82249339ED00341B1D /* PBXContainerItemProxy */ = {
			isa = PBXContainerItemProxy;
			containerPortal = AB49DB58249339E600341B1D /* Project object */;
			proxyType = 1;
			remoteGlobalIDString = AB49DB5F249339E600341B1D;
			remoteInfo = animation;
		};
/* End PBXContainerItemProxy section */

/* Begin PBXFileReference section */
		AB49DB60249339E600341B1D /* animation.app */ = {isa = PBXFileReference; explicitFileType = wrapper.application; includeInIndex = 0; path = animation.app; sourceTree = BUILT_PRODUCTS_DIR; };
		AB49DB63249339E600341B1D /* AppDelegate.swift */ = {isa = PBXFileReference; lastKnownFileType = sourcecode.swift; path = AppDelegate.swift; sourceTree = "<group>"; };
		AB49DB65249339E600341B1D /* SceneDelegate.swift */ = {isa = PBXFileReference; lastKnownFileType = sourcecode.swift; path = SceneDelegate.swift; sourceTree = "<group>"; };
		AB49DB67249339E600341B1D /* ContentView.swift */ = {isa = PBXFileReference; lastKnownFileType = sourcecode.swift; path = ContentView.swift; sourceTree = "<group>"; };
		AB49DB69249339EC00341B1D /* Assets.xcassets */ = {isa = PBXFileReference; lastKnownFileType = folder.assetcatalog; path = Assets.xcassets; sourceTree = "<group>"; };
		AB49DB6C249339EC00341B1D /* Preview Assets.xcassets */ = {isa = PBXFileReference; lastKnownFileType = folder.assetcatalog; path = "Preview Assets.xcassets"; sourceTree = "<group>"; };
		AB49DB6F249339EC00341B1D /* Base */ = {isa = PBXFileReference; lastKnownFileType = file.storyboard; name = Base; path = Base.lproj/LaunchScreen.storyboard; sourceTree = "<group>"; };
		AB49DB71249339EC00341B1D /* Info.plist */ = {isa = PBXFileReference; lastKnownFileType = text.plist.xml; path = Info.plist; sourceTree = "<group>"; };
		AB49DB76249339ED00341B1D /* animationTests.xctest */ = {isa = PBXFileReference; explicitFileType = wrapper.cfbundle; includeInIndex = 0; path = animationTests.xctest; sourceTree = BUILT_PRODUCTS_DIR; };
		AB49DB7A249339ED00341B1D /* animationTests.swift */ = {isa = PBXFileReference; lastKnownFileType = sourcecode.swift; path = animationTests.swift; sourceTree = "<group>"; };
		AB49DB7C249339ED00341B1D /* Info.plist */ = {isa = PBXFileReference; lastKnownFileType = text.plist.xml; path = Info.plist; sourceTree = "<group>"; };
		AB49DB81249339ED00341B1D /* animationUITests.xctest */ = {isa = PBXFileReference; explicitFileType = wrapper.cfbundle; includeInIndex = 0; path = animationUITests.xctest; sourceTree = BUILT_PRODUCTS_DIR; };
		AB49DB85249339ED00341B1D /* animationUITests.swift */ = {isa = PBXFileReference; lastKnownFileType = sourcecode.swift; path = animationUITests.swift; sourceTree = "<group>"; };
		AB49DB87249339ED00341B1D /* Info.plist */ = {isa = PBXFileReference; lastKnownFileType = text.plist.xml; path = Info.plist; sourceTree = "<group>"; };
/* End PBXFileReference section */

/* Begin PBXFrameworksBuildPhase section */
		AB49DB5D249339E600341B1D /* Frameworks */ = {
			isa = PBXFrameworksBuildPhase;
			buildActionMask = 2147483647;
			files = (
			);
			runOnlyForDeploymentPostprocessing = 0;
		};
		AB49DB73249339ED00341B1D /* Frameworks */ = {
			isa = PBXFrameworksBuildPhase;
			buildActionMask = 2147483647;
			files = (
			);
			runOnlyForDeploymentPostprocessing = 0;
		};
		AB49DB7E249339ED00341B1D /* Frameworks */ = {
			isa = PBXFrameworksBuildPhase;
			buildActionMask = 2147483647;
			files = (
			);
			runOnlyForDeploymentPostprocessing = 0;
		};
/* End PBXFrameworksBuildPhase section */

/* Begin PBXGroup section */
		AB49DB57249339E600341B1D = {
			isa = PBXGroup;
			children = (
				AB49DB62249339E600341B1D /* animation */,
				AB49DB79249339ED00341B1D /* animationTests */,
				AB49DB84249339ED00341B1D /* animationUITests */,
				AB49DB61249339E600341B1D /* Products */,
			);
			sourceTree = "<group>";
		};
		AB49DB61249339E600341B1D /* Products */ = {
			isa = PBXGroup;
			children = (
				AB49DB60249339E600341B1D /* animation.app */,
				AB49DB76249339ED00341B1D /* animationTests.xctest */,
				AB49DB81249339ED00341B1D /* animationUITests.xctest */,
			);
			name = Products;
			sourceTree = "<group>";
		};
		AB49DB62249339E600341B1D /* animation */ = {
			isa = PBXGroup;
			children = (
				AB49DB63249339E600341B1D /* AppDelegate.swift */,
				AB49DB65249339E600341B1D /* SceneDelegate.swift */,
				AB49DB67249339E600341B1D /* ContentView.swift */,
				AB49DB69249339EC00341B1D /* Assets.xcassets */,
				AB49DB6E249339EC00341B1D /* LaunchScreen.storyboard */,
				AB49DB71249339EC00341B1D /* Info.plist */,
				AB49DB6B249339EC00341B1D /* Preview Content */,
			);
			path = animation;
			sourceTree = "<group>";
		};
		AB49DB6B249339EC00341B1D /* Preview Content */ = {
			isa = PBXGroup;
			children = (
				AB49DB6C249339EC00341B1D /* Preview Assets.xcassets */,
			);
			path = "Preview Content";
			sourceTree = "<group>";
		};
		AB49DB79249339ED00341B1D /* animationTests */ = {
			isa = PBXGroup;
			children = (
				AB49DB7A249339ED00341B1D /* animationTests.swift */,
				AB49DB7C249339ED00341B1D /* Info.plist */,
			);
			path = animationTests;
			sourceTree = "<group>";
		};
		AB49DB84249339ED00341B1D /* animationUITests */ = {
			isa = PBXGroup;
			children = (
				AB49DB85249339ED00341B1D /* animationUITests.swift */,
				AB49DB87249339ED00341B1D /* Info.plist */,
			);
			path = animationUITests;
			sourceTree = "<group>";
		};
/* End PBXGroup section */

/* Begin PBXNativeTarget section */
		AB49DB5F249339E600341B1D /* animation */ = {
			isa = PBXNativeTarget;
			buildConfigurationList = AB49DB8A249339ED00341B1D /* Build configuration list for PBXNativeTarget "animation" */;
			buildPhases = (
				AB49DB5C249339E600341B1D /* Sources */,
				AB49DB5D249339E600341B1D /* Frameworks */,
				AB49DB5E249339E600341B1D /* Resources */,
			);
			buildRules = (
			);
			dependencies = (
			);
			name = animation;
			productName = animation;
			productReference = AB49DB60249339E600341B1D /* animation.app */;
			productType = "com.apple.product-type.application";
		};
		AB49DB75249339ED00341B1D /* animationTests */ = {
			isa = PBXNativeTarget;
			buildConfigurationList = AB49DB8D249339ED00341B1D /* Build configuration list for PBXNativeTarget "animationTests" */;
			buildPhases = (
				AB49DB72249339ED00341B1D /* Sources */,
				AB49DB73249339ED00341B1D /* Frameworks */,
				AB49DB74249339ED00341B1D /* Resources */,
			);
			buildRules = (
			);
			dependencies = (
				AB49DB78249339ED00341B1D /* PBXTargetDependency */,
			);
			name = animationTests;
			productName = animationTests;
			productReference = AB49DB76249339ED00341B1D /* animationTests.xctest */;
			productType = "com.apple.product-type.bundle.unit-test";
		};
		AB49DB80249339ED00341B1D /* animationUITests */ = {
			isa = PBXNativeTarget;
			buildConfigurationList = AB49DB90249339ED00341B1D /* Build configuration list for PBXNativeTarget "animationUITests" */;
			buildPhases = (
				AB49DB7D249339ED00341B1D /* Sources */,
				AB49DB7E249339ED00341B1D /* Frameworks */,
				AB49DB7F249339ED00341B1D /* Resources */,
			);
			buildRules = (
			);
			dependencies = (
				AB49DB83249339ED00341B1D /* PBXTargetDependency */,
			);
			name = animationUITests;
			productName = animationUITests;
			productReference = AB49DB81249339ED00341B1D /* animationUITests.xctest */;
			productType = "com.apple.product-type.bundle.ui-testing";
		};
/* End PBXNativeTarget section */

/* Begin PBXProject section */
		AB49DB58249339E600341B1D /* Project object */ = {
			isa = PBXProject;
			attributes = {
				LastSwiftUpdateCheck = 1130;
				LastUpgradeCheck = 1130;
				ORGANIZATIONNAME = ehs;
				TargetAttributes = {
					AB49DB5F249339E600341B1D = {
						CreatedOnToolsVersion = 11.3.1;
					};
					AB49DB75249339ED00341B1D = {
						CreatedOnToolsVersion = 11.3.1;
						TestTargetID = AB49DB5F249339E600341B1D;
					};
					AB49DB80249339ED00341B1D = {
						CreatedOnToolsVersion = 11.3.1;
						TestTargetID = AB49DB5F249339E600341B1D;
					};
				};
			};
			buildConfigurationList = AB49DB5B249339E600341B1D /* Build configuration list for PBXProject "animation" */;
			compatibilityVersion = "Xcode 9.3";
			developmentRegion = en;
			hasScannedForEncodings = 0;
			knownRegions = (
				en,
				Base,
			);
			mainGroup = AB49DB57249339E600341B1D;
			productRefGroup = AB49DB61249339E600341B1D /* Products */;
			projectDirPath = "";
			projectRoot = "";
			targets = (
				AB49DB5F249339E600341B1D /* animation */,
				AB49DB75249339ED00341B1D /* animationTests */,
				AB49DB80249339ED00341B1D /* animationUITests */,
			);
		};
/* End PBXProject section */

/* Begin PBXResourcesBuildPhase section */
		AB49DB5E249339E600341B1D /* Resources */ = {
			isa = PBXResourcesBuildPhase;
			buildActionMask = 2147483647;
			files = (
				AB49DB70249339EC00341B1D /* LaunchScreen.storyboard in Resources */,
				AB49DB6D249339EC00341B1D /* Preview Assets.xcassets in Resources */,
				AB49DB6A249339EC00341B1D /* Assets.xcassets in Resources */,
			);
			runOnlyForDeploymentPostprocessing = 0;
		};
		AB49DB74249339ED00341B1D /* Resources */ = {
			isa = PBXResourcesBuildPhase;
			buildActionMask = 2147483647;
			files = (
			);
			runOnlyForDeploymentPostprocessing = 0;
		};
		AB49DB7F249339ED00341B1D /* Resources */ = {
			isa = PBXResourcesBuildPhase;
			buildActionMask = 2147483647;
			files = (
			);
			runOnlyForDeploymentPostprocessing = 0;
		};
/* End PBXResourcesBuildPhase section */

/* Begin PBXSourcesBuildPhase section */
		AB49DB5C249339E600341B1D /* Sources */ = {
			isa = PBXSourcesBuildPhase;
			buildActionMask = 2147483647;
			files = (
				AB49DB64249339E600341B1D /* AppDelegate.swift in Sources */,
				AB49DB66249339E600341B1D /* SceneDelegate.swift in Sources */,
				AB49DB68249339E600341B1D /* ContentView.swift in Sources */,
			);
			runOnlyForDeploymentPostprocessing = 0;
		};
		AB49DB72249339ED00341B1D /* Sources */ = {
			isa = PBXSourcesBuildPhase;
			buildActionMask = 2147483647;
			files = (
				AB49DB7B249339ED00341B1D /* animationTests.swift in Sources */,
			);
			runOnlyForDeploymentPostprocessing = 0;
		};
		AB49DB7D249339ED00341B1D /* Sources */ = {
			isa = PBXSourcesBuildPhase;
			buildActionMask = 2147483647;
			files = (
				AB49DB86249339ED00341B1D /* animationUITests.swift in Sources */,
			);
			runOnlyForDeploymentPostprocessing = 0;
		};
/* End PBXSourcesBuildPhase section */

/* Begin PBXTargetDependency section */
		AB49DB78249339ED00341B1D /* PBXTargetDependency */ = {
			isa = PBXTargetDependency;
			target = AB49DB5F249339E600341B1D /* animation */;
			targetProxy = AB49DB77249339ED00341B1D /* PBXContainerItemProxy */;
		};
		AB49DB83249339ED00341B1D /* PBXTargetDependency */ = {
			isa = PBXTargetDependency;
			target = AB49DB5F249339E600341B1D /* animation */;
			targetProxy = AB49DB82249339ED00341B1D /* PBXContainerItemProxy */;
		};
/* End PBXTargetDependency section */

/* Begin PBXVariantGroup section */
		AB49DB6E249339EC00341B1D /* LaunchScreen.storyboard */ = {
			isa = PBXVariantGroup;
			children = (
				AB49DB6F249339EC00341B1D /* Base */,
			);
			name = LaunchScreen.storyboard;
			sourceTree = "<group>";
		};
/* End PBXVariantGroup section */

/* Begin XCBuildConfiguration section */
		AB49DB88249339ED00341B1D /* Debug */ = {
			isa = XCBuildConfiguration;
			buildSettings = {
				ALWAYS_SEARCH_USER_PATHS = NO;
				CLANG_ANALYZER_NONNULL = YES;
				CLANG_ANALYZER_NUMBER_OBJECT_CONVERSION = YES_AGGRESSIVE;
				CLANG_CXX_LANGUAGE_STANDARD = "gnu++14";
				CLANG_CXX_LIBRARY = "libc++";
				CLANG_ENABLE_MODULES = YES;
				CLANG_ENABLE_OBJC_ARC = YES;
				CLANG_ENABLE_OBJC_WEAK = YES;
				CLANG_WARN_BLOCK_CAPTURE_AUTORELEASING = YES;
				CLANG_WARN_BOOL_CONVERSION = YES;
				CLANG_WARN_COMMA = YES;
				CLANG_WARN_CONSTANT_CONVERSION = YES;
				CLANG_WARN_DEPRECATED_OBJC_IMPLEMENTATIONS = YES;
				CLANG_WARN_DIRECT_OBJC_ISA_USAGE = YES_ERROR;
				CLANG_WARN_DOCUMENTATION_COMMENTS = YES;
				CLANG_WARN_EMPTY_BODY = YES;
				CLANG_WARN_ENUM_CONVERSION = YES;
				CLANG_WARN_INFINITE_RECURSION = YES;
				CLANG_WARN_INT_CONVERSION = YES;
				CLANG_WARN_NON_LITERAL_NULL_CONVERSION = YES;
				CLANG_WARN_OBJC_IMPLICIT_RETAIN_SELF = YES;
				CLANG_WARN_OBJC_LITERAL_CONVERSION = YES;
				CLANG_WARN_OBJC_ROOT_CLASS = YES_ERROR;
				CLANG_WARN_RANGE_LOOP_ANALYSIS = YES;
				CLANG_WARN_STRICT_PROTOTYPES = YES;
				CLANG_WARN_SUSPICIOUS_MOVE = YES;
				CLANG_WARN_UNGUARDED_AVAILABILITY = YES_AGGRESSIVE;
				CLANG_WARN_UNREACHABLE_CODE = YES;
				CLANG_WARN__DUPLICATE_METHOD_MATCH = YES;
				COPY_PHASE_STRIP = NO;
				DEBUG_INFORMATION_FORMAT = dwarf;
				ENABLE_STRICT_OBJC_MSGSEND = YES;
				ENABLE_TESTABILITY = YES;
				GCC_C_LANGUAGE_STANDARD = gnu11;
				GCC_DYNAMIC_NO_PIC = NO;
				GCC_NO_COMMON_BLOCKS = YES;
				GCC_OPTIMIZATION_LEVEL = 0;
				GCC_PREPROCESSOR_DEFINITIONS = (
					"DEBUG=1",
					"$(inherited)",
				);
				GCC_WARN_64_TO_32_BIT_CONVERSION = YES;
				GCC_WARN_ABOUT_RETURN_TYPE = YES_ERROR;
				GCC_WARN_UNDECLARED_SELECTOR = YES;
				GCC_WARN_UNINITIALIZED_AUTOS = YES_AGGRESSIVE;
				GCC_WARN_UNUSED_FUNCTION = YES;
				GCC_WARN_UNUSED_VARIABLE = YES;
				IPHONEOS_DEPLOYMENT_TARGET = 13.2;
				MTL_ENABLE_DEBUG_INFO = INCLUDE_SOURCE;
				MTL_FAST_MATH = YES;
				ONLY_ACTIVE_ARCH = YES;
				SDKROOT = iphoneos;
				SWIFT_ACTIVE_COMPILATION_CONDITIONS = DEBUG;
				SWIFT_OPTIMIZATION_LEVEL = "-Onone";
			};
			name = Debug;
		};
		AB49DB89249339ED00341B1D /* Release */ = {
			isa = XCBuildConfiguration;
			buildSettings = {
				ALWAYS_SEARCH_USER_PATHS = NO;
				CLANG_ANALYZER_NONNULL = YES;
				CLANG_ANALYZER_NUMBER_OBJECT_CONVERSION = YES_AGGRESSIVE;
				CLANG_CXX_LANGUAGE_STANDARD = "gnu++14";
				CLANG_CXX_LIBRARY = "libc++";
				CLANG_ENABLE_MODULES = YES;
				CLANG_ENABLE_OBJC_ARC = YES;
				CLANG_ENABLE_OBJC_WEAK = YES;
				CLANG_WARN_BLOCK_CAPTURE_AUTORELEASING = YES;
				CLANG_WARN_BOOL_CONVERSION = YES;
				CLANG_WARN_COMMA = YES;
				CLANG_WARN_CONSTANT_CONVERSION = YES;
				CLANG_WARN_DEPRECATED_OBJC_IMPLEMENTATIONS = YES;
				CLANG_WARN_DIRECT_OBJC_ISA_USAGE = YES_ERROR;
				CLANG_WARN_DOCUMENTATION_COMMENTS = YES;
				CLANG_WARN_EMPTY_BODY = YES;
				CLANG_WARN_ENUM_CONVERSION = YES;
				CLANG_WARN_INFINITE_RECURSION = YES;
				CLANG_WARN_INT_CONVERSION = YES;
				CLANG_WARN_NON_LITERAL_NULL_CONVERSION = YES;
				CLANG_WARN_OBJC_IMPLICIT_RETAIN_SELF = YES;
				CLANG_WARN_OBJC_LITERAL_CONVERSION = YES;
				CLANG_WARN_OBJC_ROOT_CLASS = YES_ERROR;
				CLANG_WARN_RANGE_LOOP_ANALYSIS = YES;
				CLANG_WARN_STRICT_PROTOTYPES = YES;
				CLANG_WARN_SUSPICIOUS_MOVE = YES;
				CLANG_WARN_UNGUARDED_AVAILABILITY = YES_AGGRESSIVE;
				CLANG_WARN_UNREACHABLE_CODE = YES;
				CLANG_WARN__DUPLICATE_METHOD_MATCH = YES;
				COPY_PHASE_STRIP = NO;
				DEBUG_INFORMATION_FORMAT = "dwarf-with-dsym";
				ENABLE_NS_ASSERTIONS = NO;
				ENABLE_STRICT_OBJC_MSGSEND = YES;
				GCC_C_LANGUAGE_STANDARD = gnu11;
				GCC_NO_COMMON_BLOCKS = YES;
				GCC_WARN_64_TO_32_BIT_CONVERSION = YES;
				GCC_WARN_ABOUT_RETURN_TYPE = YES_ERROR;
				GCC_WARN_UNDECLARED_SELECTOR = YES;
				GCC_WARN_UNINITIALIZED_AUTOS = YES_AGGRESSIVE;
				GCC_WARN_UNUSED_FUNCTION = YES;
				GCC_WARN_UNUSED_VARIABLE = YES;
				IPHONEOS_DEPLOYMENT_TARGET = 13.2;
				MTL_ENABLE_DEBUG_INFO = NO;
				MTL_FAST_MATH = YES;
				SDKROOT = iphoneos;
				SWIFT_COMPILATION_MODE = wholemodule;
				SWIFT_OPTIMIZATION_LEVEL = "-O";
				VALIDATE_PRODUCT = YES;
			};
			name = Release;
		};
		AB49DB8B249339ED00341B1D /* Debug */ = {
			isa = XCBuildConfiguration;
			buildSettings = {
				ASSETCATALOG_COMPILER_APPICON_NAME = AppIcon;
				CODE_SIGN_STYLE = Automatic;
				DEVELOPMENT_ASSET_PATHS = "\"animation/Preview Content\"";
				ENABLE_PREVIEWS = YES;
				INFOPLIST_FILE = animation/Info.plist;
				LD_RUNPATH_SEARCH_PATHS = (
					"$(inherited)",
					"@executable_path/Frameworks",
				);
				PRODUCT_BUNDLE_IDENTIFIER = com.ehs.animation;
				PRODUCT_NAME = "$(TARGET_NAME)";
				SWIFT_VERSION = 5.0;
				TARGETED_DEVICE_FAMILY = "1,2";
			};
			name = Debug;
		};
		AB49DB8C249339ED00341B1D /* Release */ = {
			isa = XCBuildConfiguration;
			buildSettings = {
				ASSETCATALOG_COMPILER_APPICON_NAME = AppIcon;
				CODE_SIGN_STYLE = Automatic;
				DEVELOPMENT_ASSET_PATHS = "\"animation/Preview Content\"";
				ENABLE_PREVIEWS = YES;
				INFOPLIST_FILE = animation/Info.plist;
				LD_RUNPATH_SEARCH_PATHS = (
					"$(inherited)",
					"@executable_path/Frameworks",
				);
				PRODUCT_BUNDLE_IDENTIFIER = com.ehs.animation;
				PRODUCT_NAME = "$(TARGET_NAME)";
				SWIFT_VERSION = 5.0;
				TARGETED_DEVICE_FAMILY = "1,2";
			};
			name = Release;
		};
		AB49DB8E249339ED00341B1D /* Debug */ = {
			isa = XCBuildConfiguration;
			buildSettings = {
				ALWAYS_EMBED_SWIFT_STANDARD_LIBRARIES = YES;
				BUNDLE_LOADER = "$(TEST_HOST)";
				CODE_SIGN_STYLE = Automatic;
				INFOPLIST_FILE = animationTests/Info.plist;
				IPHONEOS_DEPLOYMENT_TARGET = 13.2;
				LD_RUNPATH_SEARCH_PATHS = (
					"$(inherited)",
					"@executable_path/Frameworks",
					"@loader_path/Frameworks",
				);
				PRODUCT_BUNDLE_IDENTIFIER = com.ehs.animationTests;
				PRODUCT_NAME = "$(TARGET_NAME)";
				SWIFT_VERSION = 5.0;
				TARGETED_DEVICE_FAMILY = "1,2";
				TEST_HOST = "$(BUILT_PRODUCTS_DIR)/animation.app/animation";
			};
			name = Debug;
		};
		AB49DB8F249339ED00341B1D /* Release */ = {
			isa = XCBuildConfiguration;
			buildSettings = {
				ALWAYS_EMBED_SWIFT_STANDARD_LIBRARIES = YES;
				BUNDLE_LOADER = "$(TEST_HOST)";
				CODE_SIGN_STYLE = Automatic;
				INFOPLIST_FILE = animationTests/Info.plist;
				IPHONEOS_DEPLOYMENT_TARGET = 13.2;
				LD_RUNPATH_SEARCH_PATHS = (
					"$(inherited)",
					"@executable_path/Frameworks",
					"@loader_path/Frameworks",
				);
				PRODUCT_BUNDLE_IDENTIFIER = com.ehs.animationTests;
				PRODUCT_NAME = "$(TARGET_NAME)";
				SWIFT_VERSION = 5.0;
				TARGETED_DEVICE_FAMILY = "1,2";
				TEST_HOST = "$(BUILT_PRODUCTS_DIR)/animation.app/animation";
			};
			name = Release;
		};
		AB49DB91249339ED00341B1D /* Debug */ = {
			isa = XCBuildConfiguration;
			buildSettings = {
				ALWAYS_EMBED_SWIFT_STANDARD_LIBRARIES = YES;
				CODE_SIGN_STYLE = Automatic;
				INFOPLIST_FILE = animationUITests/Info.plist;
				LD_RUNPATH_SEARCH_PATHS = (
					"$(inherited)",
					"@executable_path/Frameworks",
					"@loader_path/Frameworks",
				);
				PRODUCT_BUNDLE_IDENTIFIER = com.ehs.animationUITests;
				PRODUCT_NAME = "$(TARGET_NAME)";
				SWIFT_VERSION = 5.0;
				TARGETED_DEVICE_FAMILY = "1,2";
				TEST_TARGET_NAME = animation;
			};
			name = Debug;
		};
		AB49DB92249339ED00341B1D /* Release */ = {
			isa = XCBuildConfiguration;
			buildSettings = {
				ALWAYS_EMBED_SWIFT_STANDARD_LIBRARIES = YES;
				CODE_SIGN_STYLE = Automatic;
				INFOPLIST_FILE = animationUITests/Info.plist;
				LD_RUNPATH_SEARCH_PATHS = (
					"$(inherited)",
					"@executable_path/Frameworks",
					"@loader_path/Frameworks",
				);
				PRODUCT_BUNDLE_IDENTIFIER = com.ehs.animationUITests;
				PRODUCT_NAME = "$(TARGET_NAME)";
				SWIFT_VERSION = 5.0;
				TARGETED_DEVICE_FAMILY = "1,2";
				TEST_TARGET_NAME = animation;
			};
			name = Release;
		};
/* End XCBuildConfiguration section */

/* Begin XCConfigurationList section */
		AB49DB5B249339E600341B1D /* Build configuration list for PBXProject "animation" */ = {
			isa = XCConfigurationList;
			buildConfigurations = (
				AB49DB88249339ED00341B1D /* Debug */,
				AB49DB89249339ED00341B1D /* Release */,
			);
			defaultConfigurationIsVisible = 0;
			defaultConfigurationName = Release;
		};
		AB49DB8A249339ED00341B1D /* Build configuration list for PBXNativeTarget "animation" */ = {
			isa = XCConfigurationList;
			buildConfigurations = (
				AB49DB8B249339ED00341B1D /* Debug */,
				AB49DB8C249339ED00341B1D /* Release */,
			);
			defaultConfigurationIsVisible = 0;
			defaultConfigurationName = Release;
		};
		AB49DB8D249339ED00341B1D /* Build configuration list for PBXNativeTarget "animationTests" */ = {
			isa = XCConfigurationList;
			buildConfigurations = (
				AB49DB8E249339ED00341B1D /* Debug */,
				AB49DB8F249339ED00341B1D /* Release */,
			);
			defaultConfigurationIsVisible = 0;
			defaultConfigurationName = Release;
		};
		AB49DB90249339ED00341B1D /* Build configuration list for PBXNativeTarget "animationUITests" */ = {
			isa = XCConfigurationList;
			buildConfigurations = (
				AB49DB91249339ED00341B1D /* Debug */,
				AB49DB92249339ED00341B1D /* Release */,
			);
			defaultConfigurationIsVisible = 0;
			defaultConfigurationName = Release;
		};
/* End XCConfigurationList section */
	};
	rootObject = AB49DB58249339E600341B1D /* Project object */;
}
